
Microsoft Visual Studio Solution File, Format Version 12.00
# Visual Studio Version 16
VisualStudioVersion = 16.0.31829.152
MinimumVisualStudioVersion = 10.0.40219.1
Project("{9A19103F-16F7-4668-BE54-9A1E7A4F7556}") = "Backend-API", "Backend-API\Backend-API.csproj", "{C0BED230-0F7A-4A82-BEB5-2BCAFEDAE393}"
EndProject
Project("{9A19103F-16F7-4668-BE54-9A1E7A4F7556}") = "FlashCards-RazorPages", "FlashCards-RazorPages\FlashCards-RazorPages.csproj", "{06B77FF0-1EEB-4357-AEF7-58DC5E084893}"
EndProject
Project("{2150E333-8FDC-42A3-9474-1A3956D46DE8}") = "Core", "Core", "{03A03517-B853-4EA1-A395-1F4D9CE47ADD}"
EndProject
Project("{2150E333-8FDC-42A3-9474-1A3956D46DE8}") = "Infrastructure", "Infrastructure", "{048AEC5C-D774-47C1-BE67-3C5A02234C60}"
EndProject
Project("{2150E333-8FDC-42A3-9474-1A3956D46DE8}") = "Presentation", "Presentation", "{7252EB35-31C6-49ED-8C9D-086B7EBDD0CF}"
EndProject
Project("{2150E333-8FDC-42A3-9474-1A3956D46DE8}") = "Domain", "Domain", "{DC8E38D9-1271-4460-B891-237C4605478F}"
EndProject
Project("{2150E333-8FDC-42A3-9474-1A3956D46DE8}") = "Application", "Application", "{748669B0-A4DD-4EED-A92D-F28A69DBC2A5}"
EndProject
Project("{9A19103F-16F7-4668-BE54-9A1E7A4F7556}") = "Models", "Models\Models.csproj", "{99F95904-5FC8-406F-A1E2-FFF91CC3A43A}"
EndProject
Project("{9A19103F-16F7-4668-BE54-9A1E7A4F7556}") = "Interfaces", "Interfaces\Interfaces.csproj", "{A08FD18D-6B52-4922-930E-AEEA9C31D39D}"
EndProject
Project("{9A19103F-16F7-4668-BE54-9A1E7A4F7556}") = "Implementation", "Implementation\Implementation.csproj", "{38F0FEA8-8361-4DCA-B231-736763EAD602}"
EndProject
Project("{9A19103F-16F7-4668-BE54-9A1E7A4F7556}") = "JWT", "JWT\JWT.csproj", "{7C151277-D805-4755-92D3-A9133E87C733}"
EndProject
Project("{FAE04EC0-301F-11D3-BF4B-00C04F79EFBC}") = "EntityFramework", "EntityFramework\EntityFramework.csproj", "{AC233CD8-4113-4CBE-8013-B1D03BEC26D3}"
EndProject
Global
	GlobalSection(SolutionConfigurationPlatforms) = preSolution
		Debug|Any CPU = Debug|Any CPU
		Release|Any CPU = Release|Any CPU
	EndGlobalSection
	GlobalSection(ProjectConfigurationPlatforms) = postSolution
		{C0BED230-0F7A-4A82-BEB5-2BCAFEDAE393}.Debug|Any CPU.ActiveCfg = Debug|Any CPU
		{C0BED230-0F7A-4A82-BEB5-2BCAFEDAE393}.Debug|Any CPU.Build.0 = Debug|Any CPU
		{C0BED230-0F7A-4A82-BEB5-2BCAFEDAE393}.Release|Any CPU.ActiveCfg = Release|Any CPU
		{C0BED230-0F7A-4A82-BEB5-2BCAFEDAE393}.Release|Any CPU.Build.0 = Release|Any CPU
		{06B77FF0-1EEB-4357-AEF7-58DC5E084893}.Debug|Any CPU.ActiveCfg = Debug|Any CPU
		{06B77FF0-1EEB-4357-AEF7-58DC5E084893}.Debug|Any CPU.Build.0 = Debug|Any CPU
		{06B77FF0-1EEB-4357-AEF7-58DC5E084893}.Release|Any CPU.ActiveCfg = Release|Any CPU
		{06B77FF0-1EEB-4357-AEF7-58DC5E084893}.Release|Any CPU.Build.0 = Release|Any CPU
		{99F95904-5FC8-406F-A1E2-FFF91CC3A43A}.Debug|Any CPU.ActiveCfg = Debug|Any CPU
		{99F95904-5FC8-406F-A1E2-FFF91CC3A43A}.Debug|Any CPU.Build.0 = Debug|Any CPU
		{99F95904-5FC8-406F-A1E2-FFF91CC3A43A}.Release|Any CPU.ActiveCfg = Release|Any CPU
		{99F95904-5FC8-406F-A1E2-FFF91CC3A43A}.Release|Any CPU.Build.0 = Release|Any CPU
		{A08FD18D-6B52-4922-930E-AEEA9C31D39D}.Debug|Any CPU.ActiveCfg = Debug|Any CPU
		{A08FD18D-6B52-4922-930E-AEEA9C31D39D}.Debug|Any CPU.Build.0 = Debug|Any CPU
		{A08FD18D-6B52-4922-930E-AEEA9C31D39D}.Release|Any CPU.ActiveCfg = Release|Any CPU
		{A08FD18D-6B52-4922-930E-AEEA9C31D39D}.Release|Any CPU.Build.0 = Release|Any CPU
		{38F0FEA8-8361-4DCA-B231-736763EAD602}.Debug|Any CPU.ActiveCfg = Debug|Any CPU
		{38F0FEA8-8361-4DCA-B231-736763EAD602}.Debug|Any CPU.Build.0 = Debug|Any CPU
		{38F0FEA8-8361-4DCA-B231-736763EAD602}.Release|Any CPU.ActiveCfg = Release|Any CPU
		{38F0FEA8-8361-4DCA-B231-736763EAD602}.Release|Any CPU.Build.0 = Release|Any CPU
		{7C151277-D805-4755-92D3-A9133E87C733}.Debug|Any CPU.ActiveCfg = Debug|Any CPU
		{7C151277-D805-4755-92D3-A9133E87C733}.Debug|Any CPU.Build.0 = Debug|Any CPU
		{7C151277-D805-4755-92D3-A9133E87C733}.Release|Any CPU.ActiveCfg = Release|Any CPU
		{7C151277-D805-4755-92D3-A9133E87C733}.Release|Any CPU.Build.0 = Release|Any CPU
		{AC233CD8-4113-4CBE-8013-B1D03BEC26D3}.Debug|Any CPU.ActiveCfg = Debug|Any CPU
		{AC233CD8-4113-4CBE-8013-B1D03BEC26D3}.Debug|Any CPU.Build.0 = Debug|Any CPU
		{AC233CD8-4113-4CBE-8013-B1D03BEC26D3}.Release|Any CPU.ActiveCfg = Release|Any CPU
		{AC233CD8-4113-4CBE-8013-B1D03BEC26D3}.Release|Any CPU.Build.0 = Release|Any CPU
	EndGlobalSection
	GlobalSection(SolutionProperties) = preSolution
		HideSolutionNode = FALSE
	EndGlobalSection
	GlobalSection(NestedProjects) = preSolution
		{C0BED230-0F7A-4A82-BEB5-2BCAFEDAE393} = {7252EB35-31C6-49ED-8C9D-086B7EBDD0CF}
		{06B77FF0-1EEB-4357-AEF7-58DC5E084893} = {7252EB35-31C6-49ED-8C9D-086B7EBDD0CF}
		{DC8E38D9-1271-4460-B891-237C4605478F} = {03A03517-B853-4EA1-A395-1F4D9CE47ADD}
		{748669B0-A4DD-4EED-A92D-F28A69DBC2A5} = {03A03517-B853-4EA1-A395-1F4D9CE47ADD}
		{99F95904-5FC8-406F-A1E2-FFF91CC3A43A} = {DC8E38D9-1271-4460-B891-237C4605478F}
		{A08FD18D-6B52-4922-930E-AEEA9C31D39D} = {748669B0-A4DD-4EED-A92D-F28A69DBC2A5}
		{38F0FEA8-8361-4DCA-B231-736763EAD602} = {048AEC5C-D774-47C1-BE67-3C5A02234C60}
		{7C151277-D805-4755-92D3-A9133E87C733} = {048AEC5C-D774-47C1-BE67-3C5A02234C60}
		{AC233CD8-4113-4CBE-8013-B1D03BEC26D3} = {048AEC5C-D774-47C1-BE67-3C5A02234C60}
	EndGlobalSection
	GlobalSection(ExtensibilityGlobals) = postSolution
		SolutionGuid = {B40679C0-B9F2-4DD5-AF8A-ED213C8CDFA2}
	EndGlobalSection
EndGlobal
